{
  "name": "node-registry-apppaths",
  "version": "1.0.2",
  "lockfileVersion": 1,
  "requires": true,
  "dependencies": {
    "windows": {
      "version": "0.0.6",
      "resolved": "https://registry.npmjs.org/windows/-/windows-0.0.6.tgz",
      "integrity": "sha1-zNpy5yg4B/KEyM3xjgo5FGWODec="
    }
  }
}
